<?xml version="1.0" encoding="utf-8"?>
<Project ToolsVersion="4.0" xmlns="http://schemas.microsoft.com/developer/msbuild/2003">
  <ItemGroup>
    <Filter Include="Source Files">
      <UniqueIdentifier>{d50a0313-a6d4-4931-8a31-7ed1c40b2007}</UniqueIdentifier>
      <Extensions>cpp;c;cxx;rc;def;r;odl;idl;hpj;bat</Extensions>
    </Filter>
    <Filter Include="Header Files">
      <UniqueIdentifier>{5a22163b-8459-4e07-930a-4dc35a8c454a}</UniqueIdentifier>
      <Extensions>h;hpp;hxx;hm;inl</Extensions>
    </Filter>
    <Filter Include="Resource Files">
      <UniqueIdentifier>{280317cb-db59-4d6e-aa4e-c9a8ba5652c1}</UniqueIdentifier>
      <Extensions>ico;cur;bmp;dlg;rc2;rct;bin;rgs;gif;jpg;jpeg;jpe</Extensions>
    </Filter>
  </ItemGroup>
  <ItemGroup>
    <ClCompile Include="modbus_decode.c">
      <Filter>Source Files</Filter>
    </ClCompile>
    <ClCompile Include="modbus_paf.c">
      <Filter>Source Files</Filter>
    </ClCompile>
    <ClCompile Include="modbus_roptions.c">
      <Filter>Source Files</Filter>
    </ClCompile>
    <ClCompile Include="..\include\sf_dynamic_preproc_lib.c">
      <Filter>Source Files</Filter>
    </ClCompile>
    <ClCompile Include="..\include\sfPolicyUserData.c">
      <Filter>Source Files</Filter>
    </ClCompile>
    <ClCompile Include="spp_modbus.c">
      <Filter>Source Files</Filter>
    </ClCompile>
    <ClCompile Include="..\include\strtok_r.c">
      <Filter>Source Files</Filter>
    </ClCompile>
  </ItemGroup>
  <ItemGroup>
    <ClInclude Include="modbus_decode.h">
      <Filter>Header Files</Filter>
    </ClInclude>
    <ClInclude Include="modbus_paf.h">
      <Filter>Header Files</Filter>
    </ClInclude>
    <ClInclude Include="modbus_roptions.h">
      <Filter>Header Files</Filter>
    </ClInclude>
    <ClInclude Include="spp_modbus.h">
      <Filter>Header Files</Filter>
    </ClInclude>
  </ItemGroup>
</Project>