<?xml version="1.0" encoding="utf-8"?>
<Project ToolsVersion="4.0" xmlns="http://schemas.microsoft.com/developer/msbuild/2003">
  <ItemGroup>
    <Filter Include="Source Files">
      <UniqueIdentifier>{7db4a2c6-4fe2-431c-b66d-338374be5acf}</UniqueIdentifier>
      <Extensions>cpp;c;cxx;rc;def;r;odl;idl;hpj;bat</Extensions>
    </Filter>
    <Filter Include="Header Files">
      <UniqueIdentifier>{fdccbc28-ad9d-4b71-8dc6-ccaecbbf4198}</UniqueIdentifier>
      <Extensions>h;hpp;hxx;hm;inl</Extensions>
    </Filter>
    <Filter Include="Resource Files">
      <UniqueIdentifier>{cad0b637-2b06-4b1c-b9a3-bfeb184ca118}</UniqueIdentifier>
      <Extensions>ico;cur;bmp;dlg;rc2;rct;bin;rgs;gif;jpg;jpeg;jpe</Extensions>
    </Filter>
  </ItemGroup>
  <ItemGroup>
    <ClCompile Include="gtp_config.c">
      <Filter>Source Files</Filter>
    </ClCompile>
    <ClCompile Include="gtp_parser.c">
      <Filter>Source Files</Filter>
    </ClCompile>
    <ClCompile Include="gtp_roptions.c">
      <Filter>Source Files</Filter>
    </ClCompile>
    <ClCompile Include="..\include\inet_aton.c">
      <Filter>Source Files</Filter>
    </ClCompile>
    <ClCompile Include="..\include\inet_pton.c">
      <Filter>Source Files</Filter>
    </ClCompile>
    <ClCompile Include="..\include\sf_dynamic_preproc_lib.c">
      <Filter>Source Files</Filter>
    </ClCompile>
    <ClCompile Include="..\include\sf_ip.c">
      <Filter>Source Files</Filter>
    </ClCompile>
    <ClCompile Include="..\include\sfPolicyUserData.c">
      <Filter>Source Files</Filter>
    </ClCompile>
    <ClCompile Include="spp_gtp.c">
      <Filter>Source Files</Filter>
    </ClCompile>
    <ClCompile Include="..\include\strtok_r.c">
      <Filter>Source Files</Filter>
    </ClCompile>
  </ItemGroup>
  <ItemGroup>
    <ClInclude Include="gtp_config.h">
      <Filter>Header Files</Filter>
    </ClInclude>
    <ClInclude Include="gtp_debug.h">
      <Filter>Header Files</Filter>
    </ClInclude>
    <ClInclude Include="gtp_parser.h">
      <Filter>Header Files</Filter>
    </ClInclude>
    <ClInclude Include="gtp_roptions.h">
      <Filter>Header Files</Filter>
    </ClInclude>
    <ClInclude Include="spp_gtp.h">
      <Filter>Header Files</Filter>
    </ClInclude>
    <ClInclude Include="..\include\snort_debug.h">
      <Filter>Header Files</Filter>
    </ClInclude>
  </ItemGroup>
</Project>