<?xml version="1.0" encoding="utf-8"?>
<Project ToolsVersion="4.0" xmlns="http://schemas.microsoft.com/developer/msbuild/2003">
  <ItemGroup>
    <Filter Include="Source Files">
      <UniqueIdentifier>{06fc122c-b277-4649-8129-fbe1adc70aa3}</UniqueIdentifier>
      <Extensions>cpp;c;cxx;rc;def;r;odl;idl;hpj;bat</Extensions>
    </Filter>
    <Filter Include="Header Files">
      <UniqueIdentifier>{7ad57660-e253-4329-852b-9f66eb48b202}</UniqueIdentifier>
      <Extensions>h;hpp;hxx;hm;inl</Extensions>
    </Filter>
    <Filter Include="Resource Files">
      <UniqueIdentifier>{16b13286-c4e5-45f0-84fd-633b304ecd58}</UniqueIdentifier>
      <Extensions>ico;cur;bmp;dlg;rc2;rct;bin;rgs;gif;jpg;jpeg;jpe</Extensions>
    </Filter>
  </ItemGroup>
  <ItemGroup>
    <ClCompile Include="..\include\sf_dynamic_preproc_lib.c">
      <Filter>Source Files</Filter>
    </ClCompile>
    <ClCompile Include="..\libs\sfparser.c">
      <Filter>Source Files</Filter>
    </ClCompile>
    <ClCompile Include="..\include\sfPolicyUserData.c">
      <Filter>Source Files</Filter>
    </ClCompile>
    <ClCompile Include="..\ssl_common\ssl.c">
      <Filter>Source Files</Filter>
    </ClCompile>
    <ClCompile Include="..\ssl_common\ssl_config.c">
      <Filter>Source Files</Filter>
    </ClCompile>
    <ClCompile Include="..\ssl_common\ssl_ha.c">
      <Filter>Source Files</Filter>
    </ClCompile>
    <ClCompile Include="..\ssl_common\ssl_inspect.c">
      <Filter>Source Files</Filter>
    </ClCompile>
    <ClCompile Include="ssl_setup.c">
      <Filter>Source Files</Filter>
    </ClCompile>
  </ItemGroup>
  <ItemGroup>
    <ClInclude Include="..\ssl_common\ssl_include.h">
      <Filter>Header Files</Filter>
    </ClInclude>
    <ClInclude Include="..\ssl_common\ssl_config.h">
      <Filter>Header Files</Filter>
    </ClInclude>
	    <ClInclude Include="sf_preproc_info.h">
      <Filter>Header Files</Filter>
    </ClInclude>
    <ClInclude Include="ssl_setup.h">
      <Filter>Header Files</Filter>
    </ClInclude>
  </ItemGroup>
</Project>